
Microsoft Visual Studio Solution File, Format Version 12.00
# Visual Studio 15
VisualStudioVersion = 15.0.27703.2047
MinimumVisualStudioVersion = 10.0.40219.1
Project("{6EC3EE1D-3C4E-46DD-8F32-0CC8E7565705}") = "DLLAnalysis", "src\DLLAnalysis.fsproj", "{F0790C56-645D-4389-939E-0F884CC54C9B}"
EndProject
Project("{2150E333-8FDC-42A3-9474-1A3956D46DE8}") = "WinHeader", "WinHeader", "{04C08480-9941-4DF1-918D-7D5309C3F12C}"
EndProject
Project("{F2A71F9B-5D33-465A-A702-920D77279786}") = "WinHeader", "WinHeader\src\WinHeader.fsproj", "{86745CBB-FF6F-4B8E-BA19-CE0AAD4033BE}"
EndProject
Global
	GlobalSection(SolutionConfigurationPlatforms) = preSolution
		Debug|Any CPU = Debug|Any CPU
		Release|Any CPU = Release|Any CPU
	EndGlobalSection
	GlobalSection(ProjectConfigurationPlatforms) = postSolution
		{F0790C56-645D-4389-939E-0F884CC54C9B}.Debug|Any CPU.ActiveCfg = Debug|Any CPU
		{F0790C56-645D-4389-939E-0F884CC54C9B}.Debug|Any CPU.Build.0 = Debug|Any CPU
		{F0790C56-645D-4389-939E-0F884CC54C9B}.Release|Any CPU.ActiveCfg = Release|Any CPU
		{F0790C56-645D-4389-939E-0F884CC54C9B}.Release|Any CPU.Build.0 = Release|Any CPU
		{2334E842-67A1-4A8A-87E2-4A50B79EBE67}.Debug|Any CPU.ActiveCfg = Debug|Any CPU
		{2334E842-67A1-4A8A-87E2-4A50B79EBE67}.Debug|Any CPU.Build.0 = Debug|Any CPU
		{2334E842-67A1-4A8A-87E2-4A50B79EBE67}.Release|Any CPU.ActiveCfg = Release|Any CPU
		{2334E842-67A1-4A8A-87E2-4A50B79EBE67}.Release|Any CPU.Build.0 = Release|Any CPU
		{18036695-978B-4766-BF87-24E7F99268CC}.Debug|Any CPU.ActiveCfg = Debug|Any CPU
		{18036695-978B-4766-BF87-24E7F99268CC}.Debug|Any CPU.Build.0 = Debug|Any CPU
		{18036695-978B-4766-BF87-24E7F99268CC}.Release|Any CPU.ActiveCfg = Release|Any CPU
		{18036695-978B-4766-BF87-24E7F99268CC}.Release|Any CPU.Build.0 = Release|Any CPU
		{C617BE8E-767C-4E07-AA59-56EEC67BC630}.Debug|Any CPU.ActiveCfg = Debug|Any CPU
		{C617BE8E-767C-4E07-AA59-56EEC67BC630}.Debug|Any CPU.Build.0 = Debug|Any CPU
		{C617BE8E-767C-4E07-AA59-56EEC67BC630}.Release|Any CPU.ActiveCfg = Release|Any CPU
		{C617BE8E-767C-4E07-AA59-56EEC67BC630}.Release|Any CPU.Build.0 = Release|Any CPU
		{6E71E3EC-A4E2-4A43-8D51-9DF3EE62B347}.Debug|Any CPU.ActiveCfg = Debug|Any CPU
		{6E71E3EC-A4E2-4A43-8D51-9DF3EE62B347}.Debug|Any CPU.Build.0 = Debug|Any CPU
		{6E71E3EC-A4E2-4A43-8D51-9DF3EE62B347}.Release|Any CPU.ActiveCfg = Release|Any CPU
		{6E71E3EC-A4E2-4A43-8D51-9DF3EE62B347}.Release|Any CPU.Build.0 = Release|Any CPU
		{8A8C287B-9C14-4EB5-935F-C6E1354D0524}.Debug|Any CPU.ActiveCfg = Debug|Any CPU
		{8A8C287B-9C14-4EB5-935F-C6E1354D0524}.Debug|Any CPU.Build.0 = Debug|Any CPU
		{8A8C287B-9C14-4EB5-935F-C6E1354D0524}.Release|Any CPU.ActiveCfg = Release|Any CPU
		{8A8C287B-9C14-4EB5-935F-C6E1354D0524}.Release|Any CPU.Build.0 = Release|Any CPU
		{A36D35AF-2DDF-4D37-98CD-E9CDB37EE96F}.Debug|Any CPU.ActiveCfg = Debug|Any CPU
		{A36D35AF-2DDF-4D37-98CD-E9CDB37EE96F}.Debug|Any CPU.Build.0 = Debug|Any CPU
		{A36D35AF-2DDF-4D37-98CD-E9CDB37EE96F}.Release|Any CPU.ActiveCfg = Release|Any CPU
		{A36D35AF-2DDF-4D37-98CD-E9CDB37EE96F}.Release|Any CPU.Build.0 = Release|Any CPU
		{CCC8DCB9-A7A4-4938-A9BF-36269783747A}.Debug|Any CPU.ActiveCfg = Debug|Any CPU
		{CCC8DCB9-A7A4-4938-A9BF-36269783747A}.Debug|Any CPU.Build.0 = Debug|Any CPU
		{CCC8DCB9-A7A4-4938-A9BF-36269783747A}.Release|Any CPU.ActiveCfg = Release|Any CPU
		{CCC8DCB9-A7A4-4938-A9BF-36269783747A}.Release|Any CPU.Build.0 = Release|Any CPU
		{8A50CC84-76B6-40F3-8E10-B6EF7528CD56}.Debug|Any CPU.ActiveCfg = Debug|Any CPU
		{8A50CC84-76B6-40F3-8E10-B6EF7528CD56}.Debug|Any CPU.Build.0 = Debug|Any CPU
		{8A50CC84-76B6-40F3-8E10-B6EF7528CD56}.Release|Any CPU.ActiveCfg = Release|Any CPU
		{8A50CC84-76B6-40F3-8E10-B6EF7528CD56}.Release|Any CPU.Build.0 = Release|Any CPU
		{86745CBB-FF6F-4B8E-BA19-CE0AAD4033BE}.Debug|Any CPU.ActiveCfg = Debug|Any CPU
		{86745CBB-FF6F-4B8E-BA19-CE0AAD4033BE}.Debug|Any CPU.Build.0 = Debug|Any CPU
		{86745CBB-FF6F-4B8E-BA19-CE0AAD4033BE}.Release|Any CPU.ActiveCfg = Release|Any CPU
		{86745CBB-FF6F-4B8E-BA19-CE0AAD4033BE}.Release|Any CPU.Build.0 = Release|Any CPU
		{280C90C4-9457-4CDF-B576-0C973F7A4548}.Debug|Any CPU.ActiveCfg = Debug|Any CPU
		{280C90C4-9457-4CDF-B576-0C973F7A4548}.Debug|Any CPU.Build.0 = Debug|Any CPU
		{280C90C4-9457-4CDF-B576-0C973F7A4548}.Release|Any CPU.ActiveCfg = Release|Any CPU
		{280C90C4-9457-4CDF-B576-0C973F7A4548}.Release|Any CPU.Build.0 = Release|Any CPU
		{199D264B-CCE6-4D76-853D-694545369D67}.Debug|Any CPU.ActiveCfg = Debug|Any CPU
		{199D264B-CCE6-4D76-853D-694545369D67}.Debug|Any CPU.Build.0 = Debug|Any CPU
		{199D264B-CCE6-4D76-853D-694545369D67}.Release|Any CPU.ActiveCfg = Release|Any CPU
		{199D264B-CCE6-4D76-853D-694545369D67}.Release|Any CPU.Build.0 = Release|Any CPU
		{4A5E02F1-A722-42B5-83A2-8F7AC8F8D1B6}.Debug|Any CPU.ActiveCfg = Debug|Any CPU
		{4A5E02F1-A722-42B5-83A2-8F7AC8F8D1B6}.Debug|Any CPU.Build.0 = Debug|Any CPU
		{4A5E02F1-A722-42B5-83A2-8F7AC8F8D1B6}.Release|Any CPU.ActiveCfg = Release|Any CPU
		{4A5E02F1-A722-42B5-83A2-8F7AC8F8D1B6}.Release|Any CPU.Build.0 = Release|Any CPU
		{E07DE301-DEF0-438F-88B0-D1CB35B9D06D}.Debug|Any CPU.ActiveCfg = Debug|Any CPU
		{E07DE301-DEF0-438F-88B0-D1CB35B9D06D}.Debug|Any CPU.Build.0 = Debug|Any CPU
		{E07DE301-DEF0-438F-88B0-D1CB35B9D06D}.Release|Any CPU.ActiveCfg = Release|Any CPU
		{E07DE301-DEF0-438F-88B0-D1CB35B9D06D}.Release|Any CPU.Build.0 = Release|Any CPU
		{1EDC1B3F-9719-48AD-97B6-620D89DEC33E}.Debug|Any CPU.ActiveCfg = Debug|Any CPU
		{1EDC1B3F-9719-48AD-97B6-620D89DEC33E}.Debug|Any CPU.Build.0 = Debug|Any CPU
		{1EDC1B3F-9719-48AD-97B6-620D89DEC33E}.Release|Any CPU.ActiveCfg = Release|Any CPU
		{1EDC1B3F-9719-48AD-97B6-620D89DEC33E}.Release|Any CPU.Build.0 = Release|Any CPU
		{53FBD1AE-FFF9-4D96-B17C-0A93F0F2D4BB}.Debug|Any CPU.ActiveCfg = Debug|Any CPU
		{53FBD1AE-FFF9-4D96-B17C-0A93F0F2D4BB}.Debug|Any CPU.Build.0 = Debug|Any CPU
		{53FBD1AE-FFF9-4D96-B17C-0A93F0F2D4BB}.Release|Any CPU.ActiveCfg = Release|Any CPU
		{53FBD1AE-FFF9-4D96-B17C-0A93F0F2D4BB}.Release|Any CPU.Build.0 = Release|Any CPU
		{7BA802C0-C285-436F-B57A-86306D78CEC8}.Debug|Any CPU.ActiveCfg = Debug|Any CPU
		{7BA802C0-C285-436F-B57A-86306D78CEC8}.Debug|Any CPU.Build.0 = Debug|Any CPU
		{7BA802C0-C285-436F-B57A-86306D78CEC8}.Release|Any CPU.ActiveCfg = Release|Any CPU
		{7BA802C0-C285-436F-B57A-86306D78CEC8}.Release|Any CPU.Build.0 = Release|Any CPU
		{6FF9FD97-9056-4426-959A-85C9E2EE7C5A}.Debug|Any CPU.ActiveCfg = Debug|Any CPU
		{6FF9FD97-9056-4426-959A-85C9E2EE7C5A}.Debug|Any CPU.Build.0 = Debug|Any CPU
		{6FF9FD97-9056-4426-959A-85C9E2EE7C5A}.Release|Any CPU.ActiveCfg = Release|Any CPU
		{6FF9FD97-9056-4426-959A-85C9E2EE7C5A}.Release|Any CPU.Build.0 = Release|Any CPU
	EndGlobalSection
	GlobalSection(SolutionProperties) = preSolution
		HideSolutionNode = FALSE
	EndGlobalSection
	GlobalSection(ExtensibilityGlobals) = postSolution
		SolutionGuid = {B8315A44-9139-40C5-AD59-2626D93F9451}
	EndGlobalSection
	GlobalSection(NestedProjects) = preSolution
		{45AA73C6-45AF-4992-B7B3-75D369532D37} = {7BC862DA-08BF-4A3F-84BD-BD2884693B36}
		{2334E842-67A1-4A8A-87E2-4A50B79EBE67} = {45AA73C6-45AF-4992-B7B3-75D369532D37}
		{18036695-978B-4766-BF87-24E7F99268CC} = {45AA73C6-45AF-4992-B7B3-75D369532D37}
		{C617BE8E-767C-4E07-AA59-56EEC67BC630} = {45AA73C6-45AF-4992-B7B3-75D369532D37}
		{FA9C23D6-436F-4350-AA96-115017688991} = {45AA73C6-45AF-4992-B7B3-75D369532D37}
		{6E71E3EC-A4E2-4A43-8D51-9DF3EE62B347} = {FA9C23D6-436F-4350-AA96-115017688991}
		{8A8C287B-9C14-4EB5-935F-C6E1354D0524} = {FA9C23D6-436F-4350-AA96-115017688991}
		{A36D35AF-2DDF-4D37-98CD-E9CDB37EE96F} = {45AA73C6-45AF-4992-B7B3-75D369532D37}
		{CCC8DCB9-A7A4-4938-A9BF-36269783747A} = {45AA73C6-45AF-4992-B7B3-75D369532D37}
		{8A50CC84-76B6-40F3-8E10-B6EF7528CD56} = {45AA73C6-45AF-4992-B7B3-75D369532D37}
		{86745CBB-FF6F-4B8E-BA19-CE0AAD4033BE} = {04C08480-9941-4DF1-918D-7D5309C3F12C}
		{280C90C4-9457-4CDF-B576-0C973F7A4548} = {FA9C23D6-436F-4350-AA96-115017688991}
		{199D264B-CCE6-4D76-853D-694545369D67} = {FA9C23D6-436F-4350-AA96-115017688991}
		{4A5E02F1-A722-42B5-83A2-8F7AC8F8D1B6} = {FA9C23D6-436F-4350-AA96-115017688991}
		{E07DE301-DEF0-438F-88B0-D1CB35B9D06D} = {FA9C23D6-436F-4350-AA96-115017688991}
		{1EDC1B3F-9719-48AD-97B6-620D89DEC33E} = {FA9C23D6-436F-4350-AA96-115017688991}
		{53FBD1AE-FFF9-4D96-B17C-0A93F0F2D4BB} = {FA9C23D6-436F-4350-AA96-115017688991}
		{7BA802C0-C285-436F-B57A-86306D78CEC8} = {FA9C23D6-436F-4350-AA96-115017688991}
		{6FF9FD97-9056-4426-959A-85C9E2EE7C5A} = {45AA73C6-45AF-4992-B7B3-75D369532D37}
	EndGlobalSection
EndGlobal
